Microsoft Visual Studio Solution File, Format Version 12.00
# Visual Studio 15
Project("{8BC9CEB8-8B4A-11D0-8D11-00A0C91BC942}") = "ALL_BUILD", "ALL_BUILD.vcxproj", "{0A53F126-53EC-37CA-A1B8-39C598ADE373}"
	ProjectSection(ProjectDependencies) = postProject
		{4C910429-4921-3875-8CD5-2A99F7DF13DE} = {4C910429-4921-3875-8CD5-2A99F7DF13DE}
		{3AD40258-A7C0-34C0-B650-4F6EA7F87FEB} = {3AD40258-A7C0-34C0-B650-4F6EA7F87FEB}
		{4EE1B96E-B210-3B0B-A3A2-8105F94C8E5A} = {4EE1B96E-B210-3B0B-A3A2-8105F94C8E5A}
		{CC202F1C-9699-3EB2-8F2E-AA640196B87A} = {CC202F1C-9699-3EB2-8F2E-AA640196B87A}
		{91A4E617-A30B-3828-8AD0-2EE9D1A62137} = {91A4E617-A30B-3828-8AD0-2EE9D1A62137}
		{76D6004B-45F7-3E09-B15B-BE9221475F1E} = {76D6004B-45F7-3E09-B15B-BE9221475F1E}
		{9528FC21-46DD-31CB-B030-365F51914043} = {9528FC21-46DD-31CB-B030-365F51914043}
		{D30C415C-57BB-3570-BDE0-61C09C41EC38} = {D30C415C-57BB-3570-BDE0-61C09C41EC38}
	EndProjectSection
EndProject
Project("{8BC9CEB8-8B4A-11D0-8D11-00A0C91BC942}") = "INSTALL", "INSTALL.vcxproj", "{C5E26B43-1E8C-33CC-B7CA-FE9E7C56B97E}"
	ProjectSection(ProjectDependencies) = postProject
		{0A53F126-53EC-37CA-A1B8-39C598ADE373} = {0A53F126-53EC-37CA-A1B8-39C598ADE373}
		{3AD40258-A7C0-34C0-B650-4F6EA7F87FEB} = {3AD40258-A7C0-34C0-B650-4F6EA7F87FEB}
	EndProjectSection
EndProject
Project("{8BC9CEB8-8B4A-11D0-8D11-00A0C91BC942}") = "IrrXML", "contrib\irrXML\IrrXML.vcxproj", "{4C910429-4921-3875-8CD5-2A99F7DF13DE}"
	ProjectSection(ProjectDependencies) = postProject
		{3AD40258-A7C0-34C0-B650-4F6EA7F87FEB} = {3AD40258-A7C0-34C0-B650-4F6EA7F87FEB}
	EndProjectSection
EndProject
Project("{8BC9CEB8-8B4A-11D0-8D11-00A0C91BC942}") = "UpdateAssimpLibsDebugSymbolsAndDLLs", "UpdateAssimpLibsDebugSymbolsAndDLLs.vcxproj", "{B9C848B5-5187-323F-AA7C-AEFB30FA42C6}"
	ProjectSection(ProjectDependencies) = postProject
		{3AD40258-A7C0-34C0-B650-4F6EA7F87FEB} = {3AD40258-A7C0-34C0-B650-4F6EA7F87FEB}
	EndProjectSection
EndProject
Project("{8BC9CEB8-8B4A-11D0-8D11-00A0C91BC942}") = "ZERO_CHECK", "ZERO_CHECK.vcxproj", "{3AD40258-A7C0-34C0-B650-4F6EA7F87FEB}"
	ProjectSection(ProjectDependencies) = postProject
	EndProjectSection
EndProject
Project("{8BC9CEB8-8B4A-11D0-8D11-00A0C91BC942}") = "assimp", "code\assimp.vcxproj", "{4EE1B96E-B210-3B0B-A3A2-8105F94C8E5A}"
	ProjectSection(ProjectDependencies) = postProject
		{4C910429-4921-3875-8CD5-2A99F7DF13DE} = {4C910429-4921-3875-8CD5-2A99F7DF13DE}
		{3AD40258-A7C0-34C0-B650-4F6EA7F87FEB} = {3AD40258-A7C0-34C0-B650-4F6EA7F87FEB}
		{D30C415C-57BB-3570-BDE0-61C09C41EC38} = {D30C415C-57BB-3570-BDE0-61C09C41EC38}
	EndProjectSection
EndProject
Project("{8BC9CEB8-8B4A-11D0-8D11-00A0C91BC942}") = "assimp_cmd", "tools\assimp_cmd\assimp_cmd.vcxproj", "{CC202F1C-9699-3EB2-8F2E-AA640196B87A}"
	ProjectSection(ProjectDependencies) = postProject
		{4C910429-4921-3875-8CD5-2A99F7DF13DE} = {4C910429-4921-3875-8CD5-2A99F7DF13DE}
		{3AD40258-A7C0-34C0-B650-4F6EA7F87FEB} = {3AD40258-A7C0-34C0-B650-4F6EA7F87FEB}
		{4EE1B96E-B210-3B0B-A3A2-8105F94C8E5A} = {4EE1B96E-B210-3B0B-A3A2-8105F94C8E5A}
		{D30C415C-57BB-3570-BDE0-61C09C41EC38} = {D30C415C-57BB-3570-BDE0-61C09C41EC38}
	EndProjectSection
EndProject
Project("{8BC9CEB8-8B4A-11D0-8D11-00A0C91BC942}") = "assimp_viewer", "tools\assimp_view\assimp_viewer.vcxproj", "{91A4E617-A30B-3828-8AD0-2EE9D1A62137}"
	ProjectSection(ProjectDependencies) = postProject
		{4C910429-4921-3875-8CD5-2A99F7DF13DE} = {4C910429-4921-3875-8CD5-2A99F7DF13DE}
		{3AD40258-A7C0-34C0-B650-4F6EA7F87FEB} = {3AD40258-A7C0-34C0-B650-4F6EA7F87FEB}
		{4EE1B96E-B210-3B0B-A3A2-8105F94C8E5A} = {4EE1B96E-B210-3B0B-A3A2-8105F94C8E5A}
		{D30C415C-57BB-3570-BDE0-61C09C41EC38} = {D30C415C-57BB-3570-BDE0-61C09C41EC38}
	EndProjectSection
EndProject
Project("{8BC9CEB8-8B4A-11D0-8D11-00A0C91BC942}") = "uninstall", "uninstall.vcxproj", "{71C0FA59-90CD-3356-A4EB-3AC8AA83B660}"
	ProjectSection(ProjectDependencies) = postProject
		{3AD40258-A7C0-34C0-B650-4F6EA7F87FEB} = {3AD40258-A7C0-34C0-B650-4F6EA7F87FEB}
	EndProjectSection
EndProject
Project("{8BC9CEB8-8B4A-11D0-8D11-00A0C91BC942}") = "unit", "test\unit.vcxproj", "{76D6004B-45F7-3E09-B15B-BE9221475F1E}"
	ProjectSection(ProjectDependencies) = postProject
		{4C910429-4921-3875-8CD5-2A99F7DF13DE} = {4C910429-4921-3875-8CD5-2A99F7DF13DE}
		{3AD40258-A7C0-34C0-B650-4F6EA7F87FEB} = {3AD40258-A7C0-34C0-B650-4F6EA7F87FEB}
		{4EE1B96E-B210-3B0B-A3A2-8105F94C8E5A} = {4EE1B96E-B210-3B0B-A3A2-8105F94C8E5A}
		{D30C415C-57BB-3570-BDE0-61C09C41EC38} = {D30C415C-57BB-3570-BDE0-61C09C41EC38}
	EndProjectSection
EndProject
Project("{8BC9CEB8-8B4A-11D0-8D11-00A0C91BC942}") = "zlib", "contrib\zlib\zlib.vcxproj", "{9528FC21-46DD-31CB-B030-365F51914043}"
	ProjectSection(ProjectDependencies) = postProject
		{3AD40258-A7C0-34C0-B650-4F6EA7F87FEB} = {3AD40258-A7C0-34C0-B650-4F6EA7F87FEB}
	EndProjectSection
EndProject
Project("{8BC9CEB8-8B4A-11D0-8D11-00A0C91BC942}") = "zlibstatic", "contrib\zlib\zlibstatic.vcxproj", "{D30C415C-57BB-3570-BDE0-61C09C41EC38}"
	ProjectSection(ProjectDependencies) = postProject
		{3AD40258-A7C0-34C0-B650-4F6EA7F87FEB} = {3AD40258-A7C0-34C0-B650-4F6EA7F87FEB}
	EndProjectSection
EndProject
Global
	GlobalSection(SolutionConfigurationPlatforms) = preSolution
		Debug|x64 = Debug|x64
		Release|x64 = Release|x64
		MinSizeRel|x64 = MinSizeRel|x64
		RelWithDebInfo|x64 = RelWithDebInfo|x64
	EndGlobalSection
	GlobalSection(ProjectConfigurationPlatforms) = postSolution
		{0A53F126-53EC-37CA-A1B8-39C598ADE373}.Debug|x64.ActiveCfg = Debug|x64
		{0A53F126-53EC-37CA-A1B8-39C598ADE373}.Debug|x64.Build.0 = Debug|x64
		{0A53F126-53EC-37CA-A1B8-39C598ADE373}.Release|x64.ActiveCfg = Release|x64
		{0A53F126-53EC-37CA-A1B8-39C598ADE373}.Release|x64.Build.0 = Release|x64
		{0A53F126-53EC-37CA-A1B8-39C598ADE373}.MinSizeRel|x64.ActiveCfg = MinSizeRel|x64
		{0A53F126-53EC-37CA-A1B8-39C598ADE373}.MinSizeRel|x64.Build.0 = MinSizeRel|x64
		{0A53F126-53EC-37CA-A1B8-39C598ADE373}.RelWithDebInfo|x64.ActiveCfg = RelWithDebInfo|x64
		{0A53F126-53EC-37CA-A1B8-39C598ADE373}.RelWithDebInfo|x64.Build.0 = RelWithDebInfo|x64
		{C5E26B43-1E8C-33CC-B7CA-FE9E7C56B97E}.Debug|x64.ActiveCfg = Debug|x64
		{C5E26B43-1E8C-33CC-B7CA-FE9E7C56B97E}.Release|x64.ActiveCfg = Release|x64
		{C5E26B43-1E8C-33CC-B7CA-FE9E7C56B97E}.MinSizeRel|x64.ActiveCfg = MinSizeRel|x64
		{C5E26B43-1E8C-33CC-B7CA-FE9E7C56B97E}.RelWithDebInfo|x64.ActiveCfg = RelWithDebInfo|x64
		{4C910429-4921-3875-8CD5-2A99F7DF13DE}.Debug|x64.ActiveCfg = Debug|x64
		{4C910429-4921-3875-8CD5-2A99F7DF13DE}.Debug|x64.Build.0 = Debug|x64
		{4C910429-4921-3875-8CD5-2A99F7DF13DE}.Release|x64.ActiveCfg = Release|x64
		{4C910429-4921-3875-8CD5-2A99F7DF13DE}.Release|x64.Build.0 = Release|x64
		{4C910429-4921-3875-8CD5-2A99F7DF13DE}.MinSizeRel|x64.ActiveCfg = MinSizeRel|x64
		{4C910429-4921-3875-8CD5-2A99F7DF13DE}.MinSizeRel|x64.Build.0 = MinSizeRel|x64
		{4C910429-4921-3875-8CD5-2A99F7DF13DE}.RelWithDebInfo|x64.ActiveCfg = RelWithDebInfo|x64
		{4C910429-4921-3875-8CD5-2A99F7DF13DE}.RelWithDebInfo|x64.Build.0 = RelWithDebInfo|x64
		{B9C848B5-5187-323F-AA7C-AEFB30FA42C6}.Debug|x64.ActiveCfg = Debug|x64
		{B9C848B5-5187-323F-AA7C-AEFB30FA42C6}.Release|x64.ActiveCfg = Release|x64
		{B9C848B5-5187-323F-AA7C-AEFB30FA42C6}.MinSizeRel|x64.ActiveCfg = MinSizeRel|x64
		{B9C848B5-5187-323F-AA7C-AEFB30FA42C6}.RelWithDebInfo|x64.ActiveCfg = RelWithDebInfo|x64
		{3AD40258-A7C0-34C0-B650-4F6EA7F87FEB}.Debug|x64.ActiveCfg = Debug|x64
		{3AD40258-A7C0-34C0-B650-4F6EA7F87FEB}.Debug|x64.Build.0 = Debug|x64
		{3AD40258-A7C0-34C0-B650-4F6EA7F87FEB}.Release|x64.ActiveCfg = Release|x64
		{3AD40258-A7C0-34C0-B650-4F6EA7F87FEB}.Release|x64.Build.0 = Release|x64
		{3AD40258-A7C0-34C0-B650-4F6EA7F87FEB}.MinSizeRel|x64.ActiveCfg = MinSizeRel|x64
		{3AD40258-A7C0-34C0-B650-4F6EA7F87FEB}.MinSizeRel|x64.Build.0 = MinSizeRel|x64
		{3AD40258-A7C0-34C0-B650-4F6EA7F87FEB}.RelWithDebInfo|x64.ActiveCfg = RelWithDebInfo|x64
		{3AD40258-A7C0-34C0-B650-4F6EA7F87FEB}.RelWithDebInfo|x64.Build.0 = RelWithDebInfo|x64
		{4EE1B96E-B210-3B0B-A3A2-8105F94C8E5A}.Debug|x64.ActiveCfg = Debug|x64
		{4EE1B96E-B210-3B0B-A3A2-8105F94C8E5A}.Debug|x64.Build.0 = Debug|x64
		{4EE1B96E-B210-3B0B-A3A2-8105F94C8E5A}.Release|x64.ActiveCfg = Release|x64
		{4EE1B96E-B210-3B0B-A3A2-8105F94C8E5A}.Release|x64.Build.0 = Release|x64
		{4EE1B96E-B210-3B0B-A3A2-8105F94C8E5A}.MinSizeRel|x64.ActiveCfg = MinSizeRel|x64
		{4EE1B96E-B210-3B0B-A3A2-8105F94C8E5A}.MinSizeRel|x64.Build.0 = MinSizeRel|x64
		{4EE1B96E-B210-3B0B-A3A2-8105F94C8E5A}.RelWithDebInfo|x64.ActiveCfg = RelWithDebInfo|x64
		{4EE1B96E-B210-3B0B-A3A2-8105F94C8E5A}.RelWithDebInfo|x64.Build.0 = RelWithDebInfo|x64
		{CC202F1C-9699-3EB2-8F2E-AA640196B87A}.Debug|x64.ActiveCfg = Debug|x64
		{CC202F1C-9699-3EB2-8F2E-AA640196B87A}.Debug|x64.Build.0 = Debug|x64
		{CC202F1C-9699-3EB2-8F2E-AA640196B87A}.Release|x64.ActiveCfg = Release|x64
		{CC202F1C-9699-3EB2-8F2E-AA640196B87A}.Release|x64.Build.0 = Release|x64
		{CC202F1C-9699-3EB2-8F2E-AA640196B87A}.MinSizeRel|x64.ActiveCfg = MinSizeRel|x64
		{CC202F1C-9699-3EB2-8F2E-AA640196B87A}.MinSizeRel|x64.Build.0 = MinSizeRel|x64
		{CC202F1C-9699-3EB2-8F2E-AA640196B87A}.RelWithDebInfo|x64.ActiveCfg = RelWithDebInfo|x64
		{CC202F1C-9699-3EB2-8F2E-AA640196B87A}.RelWithDebInfo|x64.Build.0 = RelWithDebInfo|x64
		{91A4E617-A30B-3828-8AD0-2EE9D1A62137}.Debug|x64.ActiveCfg = Debug|x64
		{91A4E617-A30B-3828-8AD0-2EE9D1A62137}.Debug|x64.Build.0 = Debug|x64
		{91A4E617-A30B-3828-8AD0-2EE9D1A62137}.Release|x64.ActiveCfg = Release|x64
		{91A4E617-A30B-3828-8AD0-2EE9D1A62137}.Release|x64.Build.0 = Release|x64
		{91A4E617-A30B-3828-8AD0-2EE9D1A62137}.MinSizeRel|x64.ActiveCfg = MinSizeRel|x64
		{91A4E617-A30B-3828-8AD0-2EE9D1A62137}.MinSizeRel|x64.Build.0 = MinSizeRel|x64
		{91A4E617-A30B-3828-8AD0-2EE9D1A62137}.RelWithDebInfo|x64.ActiveCfg = RelWithDebInfo|x64
		{91A4E617-A30B-3828-8AD0-2EE9D1A62137}.RelWithDebInfo|x64.Build.0 = RelWithDebInfo|x64
		{71C0FA59-90CD-3356-A4EB-3AC8AA83B660}.Debug|x64.ActiveCfg = Debug|x64
		{71C0FA59-90CD-3356-A4EB-3AC8AA83B660}.Release|x64.ActiveCfg = Release|x64
		{71C0FA59-90CD-3356-A4EB-3AC8AA83B660}.MinSizeRel|x64.ActiveCfg = MinSizeRel|x64
		{71C0FA59-90CD-3356-A4EB-3AC8AA83B660}.RelWithDebInfo|x64.ActiveCfg = RelWithDebInfo|x64
		{76D6004B-45F7-3E09-B15B-BE9221475F1E}.Debug|x64.ActiveCfg = Debug|x64
		{76D6004B-45F7-3E09-B15B-BE9221475F1E}.Debug|x64.Build.0 = Debug|x64
		{76D6004B-45F7-3E09-B15B-BE9221475F1E}.Release|x64.ActiveCfg = Release|x64
		{76D6004B-45F7-3E09-B15B-BE9221475F1E}.Release|x64.Build.0 = Release|x64
		{76D6004B-45F7-3E09-B15B-BE9221475F1E}.MinSizeRel|x64.ActiveCfg = MinSizeRel|x64
		{76D6004B-45F7-3E09-B15B-BE9221475F1E}.MinSizeRel|x64.Build.0 = MinSizeRel|x64
		{76D6004B-45F7-3E09-B15B-BE9221475F1E}.RelWithDebInfo|x64.ActiveCfg = RelWithDebInfo|x64
		{76D6004B-45F7-3E09-B15B-BE9221475F1E}.RelWithDebInfo|x64.Build.0 = RelWithDebInfo|x64
		{9528FC21-46DD-31CB-B030-365F51914043}.Debug|x64.ActiveCfg = Debug|x64
		{9528FC21-46DD-31CB-B030-365F51914043}.Debug|x64.Build.0 = Debug|x64
		{9528FC21-46DD-31CB-B030-365F51914043}.Release|x64.ActiveCfg = Release|x64
		{9528FC21-46DD-31CB-B030-365F51914043}.Release|x64.Build.0 = Release|x64
		{9528FC21-46DD-31CB-B030-365F51914043}.MinSizeRel|x64.ActiveCfg = MinSizeRel|x64
		{9528FC21-46DD-31CB-B030-365F51914043}.MinSizeRel|x64.Build.0 = MinSizeRel|x64
		{9528FC21-46DD-31CB-B030-365F51914043}.RelWithDebInfo|x64.ActiveCfg = RelWithDebInfo|x64
		{9528FC21-46DD-31CB-B030-365F51914043}.RelWithDebInfo|x64.Build.0 = RelWithDebInfo|x64
		{D30C415C-57BB-3570-BDE0-61C09C41EC38}.Debug|x64.ActiveCfg = Debug|x64
		{D30C415C-57BB-3570-BDE0-61C09C41EC38}.Debug|x64.Build.0 = Debug|x64
		{D30C415C-57BB-3570-BDE0-61C09C41EC38}.Release|x64.ActiveCfg = Release|x64
		{D30C415C-57BB-3570-BDE0-61C09C41EC38}.Release|x64.Build.0 = Release|x64
		{D30C415C-57BB-3570-BDE0-61C09C41EC38}.MinSizeRel|x64.ActiveCfg = MinSizeRel|x64
		{D30C415C-57BB-3570-BDE0-61C09C41EC38}.MinSizeRel|x64.Build.0 = MinSizeRel|x64
		{D30C415C-57BB-3570-BDE0-61C09C41EC38}.RelWithDebInfo|x64.ActiveCfg = RelWithDebInfo|x64
		{D30C415C-57BB-3570-BDE0-61C09C41EC38}.RelWithDebInfo|x64.Build.0 = RelWithDebInfo|x64
	EndGlobalSection
	GlobalSection(ExtensibilityGlobals) = postSolution
		SolutionGuid = {3055B4E5-E5AF-366E-AA26-B4FFAFAB1981}
	EndGlobalSection
	GlobalSection(ExtensibilityAddIns) = postSolution
	EndGlobalSection
EndGlobal
