<?xml version="1.0" encoding="utf-8"?>
<Project ToolsVersion="4.0" xmlns="http://schemas.microsoft.com/developer/msbuild/2003">
  <ItemGroup>
    <Filter Include="Source Files">
      <UniqueIdentifier>{4FC737F1-C7A5-4376-A066-2A32D752A2FF}</UniqueIdentifier>
      <Extensions>cpp;c;cc;cxx;def;odl;idl;hpj;bat;asm;asmx</Extensions>
    </Filter>
    <Filter Include="Header Files">
      <UniqueIdentifier>{93995380-89BD-4b04-88EB-625FBE52EBFB}</UniqueIdentifier>
      <Extensions>h;hh;hpp;hxx;hm;inl;inc;ipp;xsd</Extensions>
    </Filter>
    <Filter Include="Resource Files">
      <UniqueIdentifier>{67DA6AB6-F800-4c08-8B7A-83BB121AAD01}</UniqueIdentifier>
      <Extensions>rc;ico;cur;bmp;dlg;rc2;rct;bin;rgs;gif;jpg;jpeg;jpe;resx;tiff;tif;png;wav;mfcribbon-ms</Extensions>
    </Filter>
    <Filter Include="Header Files\Base">
      <UniqueIdentifier>{fb3f9696-0419-4a7a-8799-306dd535ff8b}</UniqueIdentifier>
    </Filter>
    <Filter Include="Header Files\D3D11">
      <UniqueIdentifier>{d195d318-b66b-4df4-8314-c51e94351fff}</UniqueIdentifier>
    </Filter>
    <Filter Include="Source Files\D3D11">
      <UniqueIdentifier>{05526eab-7d49-4e08-aab7-90de8f8eb7df}</UniqueIdentifier>
    </Filter>
    <Filter Include="Header Files\Renderer Agnostic">
      <UniqueIdentifier>{b938c140-661e-4d1a-b6c5-9493f0b0a22a}</UniqueIdentifier>
    </Filter>
    <Filter Include="Source Files\Renderer Agnostic">
      <UniqueIdentifier>{dc738a2f-4094-4d60-b4f3-89587a1e1b06}</UniqueIdentifier>
    </Filter>
  </ItemGroup>
  <ItemGroup>
    <ClInclude Include="headers\base\RendererBase.h">
      <Filter>Header Files\Base</Filter>
    </ClInclude>
    <ClInclude Include="headers\d3d11\RendererD3D11.h">
      <Filter>Header Files\D3D11</Filter>
    </ClInclude>
    <ClInclude Include="headers\Renderer.h">
      <Filter>Header Files\Renderer Agnostic</Filter>
    </ClInclude>
    <ClInclude Include="headers\base\RenderDeviceBase.h">
      <Filter>Header Files\Base</Filter>
    </ClInclude>
    <ClInclude Include="headers\d3d11\RenderDeviceD3D11.h">
      <Filter>Header Files\D3D11</Filter>
    </ClInclude>
    <ClInclude Include="headers\RenderDevice.h">
      <Filter>Header Files\Renderer Agnostic</Filter>
    </ClInclude>
    <ClInclude Include="headers\base\RenderTargetBase.h">
      <Filter>Header Files\Base</Filter>
    </ClInclude>
    <ClInclude Include="headers\d3d11\RenderTargetD3D11.h">
      <Filter>Header Files\D3D11</Filter>
    </ClInclude>
    <ClInclude Include="headers\RenderTarget.h">
      <Filter>Header Files\Renderer Agnostic</Filter>
    </ClInclude>
    <ClInclude Include="headers\Atemgine.h">
      <Filter>Header Files</Filter>
    </ClInclude>
    <ClInclude Include="headers\base\ShaderBase.h">
      <Filter>Header Files\Base</Filter>
    </ClInclude>
    <ClInclude Include="headers\d3d11\VertexShaderD3D11.h">
      <Filter>Header Files\D3D11</Filter>
    </ClInclude>
    <ClInclude Include="headers\d3d11\PixelShaderD3D11.h">
      <Filter>Header Files\D3D11</Filter>
    </ClInclude>
    <ClInclude Include="headers\VertexShader.h">
      <Filter>Header Files\Renderer Agnostic</Filter>
    </ClInclude>
    <ClInclude Include="headers\PixelShader.h">
      <Filter>Header Files\Renderer Agnostic</Filter>
    </ClInclude>
    <ClInclude Include="headers\base\VertexBufferBase.h">
      <Filter>Header Files\Base</Filter>
    </ClInclude>
    <ClInclude Include="headers\base\IndexBufferBase.h">
      <Filter>Header Files\Base</Filter>
    </ClInclude>
    <ClInclude Include="headers\d3d11\VertexBufferD3D11.h">
      <Filter>Header Files\D3D11</Filter>
    </ClInclude>
    <ClInclude Include="headers\d3d11\IndexBufferD3D11.h">
      <Filter>Header Files\D3D11</Filter>
    </ClInclude>
    <ClInclude Include="headers\VertexBuffer.h">
      <Filter>Header Files\Renderer Agnostic</Filter>
    </ClInclude>
    <ClInclude Include="headers\IndexBuffer.h">
      <Filter>Header Files\Renderer Agnostic</Filter>
    </ClInclude>
    <ClInclude Include="headers\DrawCall.h">
      <Filter>Header Files\Renderer Agnostic</Filter>
    </ClInclude>
  </ItemGroup>
  <ItemGroup>
    <ClCompile Include="src\d3d11\RendererD3D11.cpp">
      <Filter>Source Files\D3D11</Filter>
    </ClCompile>
    <ClCompile Include="src\Renderer.cpp">
      <Filter>Source Files\Renderer Agnostic</Filter>
    </ClCompile>
    <ClCompile Include="src\d3d11\RenderDeviceD3D11.cpp">
      <Filter>Source Files\D3D11</Filter>
    </ClCompile>
    <ClCompile Include="src\d3d11\RenderTargetD3D11.cpp">
      <Filter>Source Files\D3D11</Filter>
    </ClCompile>
    <ClCompile Include="src\RenderTarget.cpp">
      <Filter>Source Files\Renderer Agnostic</Filter>
    </ClCompile>
    <ClCompile Include="src\d3d11\VertexShaderD3D11.cpp">
      <Filter>Source Files\D3D11</Filter>
    </ClCompile>
    <ClCompile Include="src\d3d11\PixelShaderD3D11.cpp">
      <Filter>Source Files\D3D11</Filter>
    </ClCompile>
    <ClCompile Include="src\VertexShader.cpp">
      <Filter>Source Files\Renderer Agnostic</Filter>
    </ClCompile>
    <ClCompile Include="src\PixelShader.cpp">
      <Filter>Source Files\Renderer Agnostic</Filter>
    </ClCompile>
    <ClCompile Include="src\d3d11\VertexBufferD3D11.cpp">
      <Filter>Source Files\D3D11</Filter>
    </ClCompile>
    <ClCompile Include="src\d3d11\IndexBufferD3D11.cpp">
      <Filter>Source Files\D3D11</Filter>
    </ClCompile>
    <ClCompile Include="src\VertexBuffer.cpp">
      <Filter>Source Files\Renderer Agnostic</Filter>
    </ClCompile>
    <ClCompile Include="src\IndexBuffer.cpp">
      <Filter>Source Files\Renderer Agnostic</Filter>
    </ClCompile>
  </ItemGroup>
</Project>